
Microsoft Visual Studio Solution File, Format Version 12.00
# Visual Studio Version 17
VisualStudioVersion = 17.11.35327.3
MinimumVisualStudioVersion = 10.0.40219.1
Project("{FAE04EC0-301F-11D3-BF4B-00C04F79EFBC}") = "NumerosParesArrays", "NumerosParesArrays\NumerosParesArrays.csproj", "{5F14BFA1-F4CE-4A88-AA12-2D38CCC30BEC}"
EndProject
Global
	GlobalSection(SolutionConfigurationPlatforms) = preSolution
		Debug|Any CPU = Debug|Any CPU
		Release|Any CPU = Release|Any CPU
	EndGlobalSection
	GlobalSection(ProjectConfigurationPlatforms) = postSolution
		{5F14BFA1-F4CE-4A88-AA12-2D38CCC30BEC}.Debug|Any CPU.ActiveCfg = Debug|Any CPU
		{5F14BFA1-F4CE-4A88-AA12-2D38CCC30BEC}.Debug|Any CPU.Build.0 = Debug|Any CPU
		{5F14BFA1-F4CE-4A88-AA12-2D38CCC30BEC}.Release|Any CPU.ActiveCfg = Release|Any CPU
		{5F14BFA1-F4CE-4A88-AA12-2D38CCC30BEC}.Release|Any CPU.Build.0 = Release|Any CPU
	EndGlobalSection
	GlobalSection(SolutionProperties) = preSolution
		HideSolutionNode = FALSE
	EndGlobalSection
	GlobalSection(ExtensibilityGlobals) = postSolution
		SolutionGuid = {2DA0E42A-3091-4ABD-B178-0EF880650D48}
	EndGlobalSection
EndGlobal
